// !$*UTF8*$!
{
	archiveVersion = 1;
	classes = {
	};
	objectVersion = 46;
	objects = {

/* Begin PBXBuildFile section */
		4045DBD725FC7CB339CA7C66 /* libPods-iOS.a in Frameworks */ = {isa = PBXBuildFile; fileRef = 422ACFF2E16EAE87A3889567 /* libPods-iOS.a */; };
		846C3B20D2B044C877A2D7E6 /* libPods-macOS-Tests.a in Frameworks */ = {isa = PBXBuildFile; fileRef = FFB60996B23AE852926DE287 /* libPods-macOS-Tests.a */; };
		CB0796151E5753E40097FFF2 /* HLActionTests.m in Sources */ = {isa = PBXBuildFile; fileRef = CB0796141E5753E40097FFF2 /* HLActionTests.m */; };
		CB0796161E5753E40097FFF2 /* HLActionTests.m in Sources */ = {isa = PBXBuildFile; fileRef = CB0796141E5753E40097FFF2 /* HLActionTests.m */; };
		CB0F78F31F167A5800C428A9 /* HLGridLayoutManagerTests.m in Sources */ = {isa = PBXBuildFile; fileRef = CB0F78F11F167A3B00C428A9 /* HLGridLayoutManagerTests.m */; };
		CB0F78F41F167A5900C428A9 /* HLGridLayoutManagerTests.m in Sources */ = {isa = PBXBuildFile; fileRef = CB0F78F11F167A3B00C428A9 /* HLGridLayoutManagerTests.m */; };
		CB3338EE1D905A22008CAFE0 /* main.m in Sources */ = {isa = PBXBuildFile; fileRef = CB3338ED1D905A22008CAFE0 /* main.m */; };
		CB3339041D905A22008CAFE0 /* HLAppDelegate.m in Sources */ = {isa = PBXBuildFile; fileRef = CB3339031D905A22008CAFE0 /* HLAppDelegate.m */; };
		CB3339071D905A22008CAFE0 /* main.m in Sources */ = {isa = PBXBuildFile; fileRef = CB3339061D905A22008CAFE0 /* main.m */; };
		CB33390A1D905A22008CAFE0 /* HLViewController.m in Sources */ = {isa = PBXBuildFile; fileRef = CB3339091D905A22008CAFE0 /* HLViewController.m */; };
		CB3A8D701ECCE916006E7849 /* HLUglyShufflerTests.m in Sources */ = {isa = PBXBuildFile; fileRef = CB3A8D6F1ECCE916006E7849 /* HLUglyShufflerTests.m */; };
		CB3A8D711ECCE916006E7849 /* HLUglyShufflerTests.m in Sources */ = {isa = PBXBuildFile; fileRef = CB3A8D6F1ECCE916006E7849 /* HLUglyShufflerTests.m */; };
		CB4F6B4A22E22B08000C7AB9 /* HLFunctionTests.m in Sources */ = {isa = PBXBuildFile; fileRef = CB4F6B4922E22B08000C7AB9 /* HLFunctionTests.m */; };
		CB4F6B4B22E22B08000C7AB9 /* HLFunctionTests.m in Sources */ = {isa = PBXBuildFile; fileRef = CB4F6B4922E22B08000C7AB9 /* HLFunctionTests.m */; };
		CB526A07204705D30004E508 /* HLOutlineLayoutManagerTests.m in Sources */ = {isa = PBXBuildFile; fileRef = CB526A06204705D30004E508 /* HLOutlineLayoutManagerTests.m */; };
		CB526A08204705D30004E508 /* HLOutlineLayoutManagerTests.m in Sources */ = {isa = PBXBuildFile; fileRef = CB526A06204705D30004E508 /* HLOutlineLayoutManagerTests.m */; };
		CB8F54F020066FA400004DE0 /* HLAlignmentScene.m in Sources */ = {isa = PBXBuildFile; fileRef = CB8F54EF20066FA400004DE0 /* HLAlignmentScene.m */; };
		CB8F54F120066FA400004DE0 /* HLAlignmentScene.m in Sources */ = {isa = PBXBuildFile; fileRef = CB8F54EF20066FA400004DE0 /* HLAlignmentScene.m */; };
		CB946880243E524100D5B0C6 /* Launch Screen.storyboard in Resources */ = {isa = PBXBuildFile; fileRef = CB94687F243E524100D5B0C6 /* Launch Screen.storyboard */; };
		CBB4C403202FF4D00071A161 /* HLStackLayoutManagerTests.m in Sources */ = {isa = PBXBuildFile; fileRef = CBB4C402202FF4D00071A161 /* HLStackLayoutManagerTests.m */; };
		CBB4C404202FF4D00071A161 /* HLStackLayoutManagerTests.m in Sources */ = {isa = PBXBuildFile; fileRef = CBB4C402202FF4D00071A161 /* HLStackLayoutManagerTests.m */; };
		CBBD5FC01D905F240047D9F7 /* HLAppDelegate.m in Sources */ = {isa = PBXBuildFile; fileRef = CBBD5FBD1D905F240047D9F7 /* HLAppDelegate.m */; };
		CBBD5FC11D905F240047D9F7 /* HLViewController.m in Sources */ = {isa = PBXBuildFile; fileRef = CBBD5FBF1D905F240047D9F7 /* HLViewController.m */; };
		CBBD5FC41D905F510047D9F7 /* HLCatalogScene.m in Sources */ = {isa = PBXBuildFile; fileRef = CBBD5FC31D905F510047D9F7 /* HLCatalogScene.m */; };
		CBBD5FC51D905F510047D9F7 /* HLCatalogScene.m in Sources */ = {isa = PBXBuildFile; fileRef = CBBD5FC31D905F510047D9F7 /* HLCatalogScene.m */; };
		CBBD5FCB1D9060270047D9F7 /* Images.xcassets in Resources */ = {isa = PBXBuildFile; fileRef = CBBD5FCA1D9060270047D9F7 /* Images.xcassets */; };
		CBBD5FD91D9062710047D9F7 /* HLMathTests.m in Sources */ = {isa = PBXBuildFile; fileRef = CBBD5FD51D9062710047D9F7 /* HLMathTests.m */; };
		CBBD5FDA1D9062710047D9F7 /* HLMathTests.m in Sources */ = {isa = PBXBuildFile; fileRef = CBBD5FD51D9062710047D9F7 /* HLMathTests.m */; };
		CBBD5FDB1D9062710047D9F7 /* HLMenuNodeTests.m in Sources */ = {isa = PBXBuildFile; fileRef = CBBD5FD61D9062710047D9F7 /* HLMenuNodeTests.m */; };
		CBBD5FDC1D9062710047D9F7 /* HLMenuNodeTests.m in Sources */ = {isa = PBXBuildFile; fileRef = CBBD5FD61D9062710047D9F7 /* HLMenuNodeTests.m */; };
		CBBD5FDD1D9062710047D9F7 /* HLMultilineLabelNodeTests.m in Sources */ = {isa = PBXBuildFile; fileRef = CBBD5FD71D9062710047D9F7 /* HLMultilineLabelNodeTests.m */; };
		CBBD5FDE1D9062710047D9F7 /* HLMultilineLabelNodeTests.m in Sources */ = {isa = PBXBuildFile; fileRef = CBBD5FD71D9062710047D9F7 /* HLMultilineLabelNodeTests.m */; };
		CBBD5FDF1D9062720047D9F7 /* HLTableLayoutManagerTests.m in Sources */ = {isa = PBXBuildFile; fileRef = CBBD5FD81D9062710047D9F7 /* HLTableLayoutManagerTests.m */; };
		CBBD5FE01D9062720047D9F7 /* HLTableLayoutManagerTests.m in Sources */ = {isa = PBXBuildFile; fileRef = CBBD5FD81D9062710047D9F7 /* HLTableLayoutManagerTests.m */; };
		CBBD5FE21D9063730047D9F7 /* Images.xcassets in Resources */ = {isa = PBXBuildFile; fileRef = CBBD5FE11D9063730047D9F7 /* Images.xcassets */; };
		CBBD602C1D9075630047D9F7 /* Main.storyboard in Resources */ = {isa = PBXBuildFile; fileRef = CBBD602A1D9075630047D9F7 /* Main.storyboard */; };
		CBCC55F41F8D61C600FDC8F5 /* HLLayoutManagerTests.m in Sources */ = {isa = PBXBuildFile; fileRef = CBCC55F31F8D61C600FDC8F5 /* HLLayoutManagerTests.m */; };
		CBCC55F51F8D61C600FDC8F5 /* HLLayoutManagerTests.m in Sources */ = {isa = PBXBuildFile; fileRef = CBCC55F31F8D61C600FDC8F5 /* HLLayoutManagerTests.m */; };
		E1CCE9DE3C9E309A181468BF /* libPods-iOS-Tests.a in Frameworks */ = {isa = PBXBuildFile; fileRef = 17977715464537EE1B12E66F /* libPods-iOS-Tests.a */; };
		EE7AEE3A33F2D21C474953F2 /* libPods-macOS.a in Frameworks */ = {isa = PBXBuildFile; fileRef = 6684AA263365BA4A341C6E64 /* libPods-macOS.a */; };
/* End PBXBuildFile section */

/* Begin PBXContainerItemProxy section */
		CBBD5F9D1D905B180047D9F7 /* PBXContainerItemProxy */ = {
			isa = PBXContainerItemProxy;
			containerPortal = CB3338DB1D905A22008CAFE0 /* Project object */;
			proxyType = 1;
			remoteGlobalIDString = CB3338E81D905A22008CAFE0;
			remoteInfo = iOS;
		};
		CBBD5FAB1D905B310047D9F7 /* PBXContainerItemProxy */ = {
			isa = PBXContainerItemProxy;
			containerPortal = CB3338DB1D905A22008CAFE0 /* Project object */;
			proxyType = 1;
			remoteGlobalIDString = CB3338FF1D905A22008CAFE0;
			remoteInfo = macOS;
		};
/* End PBXContainerItemProxy section */

/* Begin PBXFileReference section */
		17977715464537EE1B12E66F /* libPods-iOS-Tests.a */ = {isa = PBXFileReference; explicitFileType = archive.ar; includeInIndex = 0; path = "libPods-iOS-Tests.a"; sourceTree = BUILT_PRODUCTS_DIR; };
		1C9FEF598A0BE819CE495737 /* Pods-iOS-Tests.debug.xcconfig */ = {isa = PBXFileReference; includeInIndex = 1; lastKnownFileType = text.xcconfig; name = "Pods-iOS-Tests.debug.xcconfig"; path = "Pods/Target Support Files/Pods-iOS-Tests/Pods-iOS-Tests.debug.xcconfig"; sourceTree = "<group>"; };
		2AF457F2207FD43A3E9EC59A /* Pods-iOS.debug.xcconfig */ = {isa = PBXFileReference; includeInIndex = 1; lastKnownFileType = text.xcconfig; name = "Pods-iOS.debug.xcconfig"; path = "Pods/Target Support Files/Pods-iOS/Pods-iOS.debug.xcconfig"; sourceTree = "<group>"; };
		422ACFF2E16EAE87A3889567 /* libPods-iOS.a */ = {isa = PBXFileReference; explicitFileType = archive.ar; includeInIndex = 0; path = "libPods-iOS.a"; sourceTree = BUILT_PRODUCTS_DIR; };
		47A75BB92037E6B798681175 /* Pods-macOS.debug.xcconfig */ = {isa = PBXFileReference; includeInIndex = 1; lastKnownFileType = text.xcconfig; name = "Pods-macOS.debug.xcconfig"; path = "Pods/Target Support Files/Pods-macOS/Pods-macOS.debug.xcconfig"; sourceTree = "<group>"; };
		4FD709D4EFCB72BE2B8E0558 /* Pods-macOS.release.xcconfig */ = {isa = PBXFileReference; includeInIndex = 1; lastKnownFileType = text.xcconfig; name = "Pods-macOS.release.xcconfig"; path = "Pods/Target Support Files/Pods-macOS/Pods-macOS.release.xcconfig"; sourceTree = "<group>"; };
		5CF4656BA82A94EAC1D4FC3A /* Pods-iOS-Tests.release.xcconfig */ = {isa = PBXFileReference; includeInIndex = 1; lastKnownFileType = text.xcconfig; name = "Pods-iOS-Tests.release.xcconfig"; path = "Pods/Target Support Files/Pods-iOS-Tests/Pods-iOS-Tests.release.xcconfig"; sourceTree = "<group>"; };
		6684AA263365BA4A341C6E64 /* libPods-macOS.a */ = {isa = PBXFileReference; explicitFileType = archive.ar; includeInIndex = 0; path = "libPods-macOS.a"; sourceTree = BUILT_PRODUCTS_DIR; };
		7BC40BB934F6EB3A4783F5C8 /* Pods-macOS-Tests.debug.xcconfig */ = {isa = PBXFileReference; includeInIndex = 1; lastKnownFileType = text.xcconfig; name = "Pods-macOS-Tests.debug.xcconfig"; path = "Pods/Target Support Files/Pods-macOS-Tests/Pods-macOS-Tests.debug.xcconfig"; sourceTree = "<group>"; };
		CB0796141E5753E40097FFF2 /* HLActionTests.m */ = {isa = PBXFileReference; fileEncoding = 4; lastKnownFileType = sourcecode.c.objc; name = HLActionTests.m; path = "Shared-Tests/HLActionTests.m"; sourceTree = "<group>"; };
		CB0F78F11F167A3B00C428A9 /* HLGridLayoutManagerTests.m */ = {isa = PBXFileReference; fileEncoding = 4; lastKnownFileType = sourcecode.c.objc; name = HLGridLayoutManagerTests.m; path = "Shared-Tests/HLGridLayoutManagerTests.m"; sourceTree = "<group>"; };
		CB2A647620091C65009C1972 /* HLExampleScene.h */ = {isa = PBXFileReference; lastKnownFileType = sourcecode.c.h; path = HLExampleScene.h; sourceTree = "<group>"; };
		CB3338E91D905A22008CAFE0 /* HLSpriteKit.app */ = {isa = PBXFileReference; explicitFileType = wrapper.application; includeInIndex = 0; path = HLSpriteKit.app; sourceTree = BUILT_PRODUCTS_DIR; };
		CB3338ED1D905A22008CAFE0 /* main.m */ = {isa = PBXFileReference; lastKnownFileType = sourcecode.c.objc; path = main.m; sourceTree = "<group>"; };
		CB3338FB1D905A22008CAFE0 /* Info.plist */ = {isa = PBXFileReference; lastKnownFileType = text.plist.xml; path = Info.plist; sourceTree = "<group>"; };
		CB3339001D905A22008CAFE0 /* HLSpriteKit.app */ = {isa = PBXFileReference; explicitFileType = wrapper.application; includeInIndex = 0; path = HLSpriteKit.app; sourceTree = BUILT_PRODUCTS_DIR; };
		CB3339021D905A22008CAFE0 /* HLAppDelegate.h */ = {isa = PBXFileReference; lastKnownFileType = sourcecode.c.h; path = HLAppDelegate.h; sourceTree = "<group>"; };
		CB3339031D905A22008CAFE0 /* HLAppDelegate.m */ = {isa = PBXFileReference; lastKnownFileType = sourcecode.c.objc; path = HLAppDelegate.m; sourceTree = "<group>"; };
		CB3339061D905A22008CAFE0 /* main.m */ = {isa = PBXFileReference; lastKnownFileType = sourcecode.c.objc; path = main.m; sourceTree = "<group>"; };
		CB3339081D905A22008CAFE0 /* HLViewController.h */ = {isa = PBXFileReference; lastKnownFileType = sourcecode.c.h; path = HLViewController.h; sourceTree = "<group>"; };
		CB3339091D905A22008CAFE0 /* HLViewController.m */ = {isa = PBXFileReference; lastKnownFileType = sourcecode.c.objc; path = HLViewController.m; sourceTree = "<group>"; };
		CB33390E1D905A22008CAFE0 /* Info.plist */ = {isa = PBXFileReference; lastKnownFileType = text.plist.xml; path = Info.plist; sourceTree = "<group>"; };
		CB3A8D6F1ECCE916006E7849 /* HLUglyShufflerTests.m */ = {isa = PBXFileReference; fileEncoding = 4; lastKnownFileType = sourcecode.c.objc; name = HLUglyShufflerTests.m; path = "Shared-Tests/HLUglyShufflerTests.m"; sourceTree = "<group>"; };
		CB4F6B4922E22B08000C7AB9 /* HLFunctionTests.m */ = {isa = PBXFileReference; lastKnownFileType = sourcecode.c.objc; name = HLFunctionTests.m; path = "Shared-Tests/HLFunctionTests.m"; sourceTree = "<group>"; };
		CB526A06204705D30004E508 /* HLOutlineLayoutManagerTests.m */ = {isa = PBXFileReference; lastKnownFileType = sourcecode.c.objc; name = HLOutlineLayoutManagerTests.m; path = "Shared-Tests/HLOutlineLayoutManagerTests.m"; sourceTree = "<group>"; };
		CB8F54EE20066FA400004DE0 /* HLAlignmentScene.h */ = {isa = PBXFileReference; lastKnownFileType = sourcecode.c.h; path = HLAlignmentScene.h; sourceTree = "<group>"; };
		CB8F54EF20066FA400004DE0 /* HLAlignmentScene.m */ = {isa = PBXFileReference; lastKnownFileType = sourcecode.c.objc; path = HLAlignmentScene.m; sourceTree = "<group>"; };
		CB94687F243E524100D5B0C6 /* Launch Screen.storyboard */ = {isa = PBXFileReference; lastKnownFileType = file.storyboard; path = "Launch Screen.storyboard"; sourceTree = "<group>"; };
		CBB4C402202FF4D00071A161 /* HLStackLayoutManagerTests.m */ = {isa = PBXFileReference; fileEncoding = 4; lastKnownFileType = sourcecode.c.objc; name = HLStackLayoutManagerTests.m; path = "Shared-Tests/HLStackLayoutManagerTests.m"; sourceTree = "<group>"; };
		CBBD5F981D905B180047D9F7 /* iOS-Tests.xctest */ = {isa = PBXFileReference; explicitFileType = wrapper.cfbundle; includeInIndex = 0; path = "iOS-Tests.xctest"; sourceTree = BUILT_PRODUCTS_DIR; };
		CBBD5F9C1D905B180047D9F7 /* Info.plist */ = {isa = PBXFileReference; lastKnownFileType = text.plist.xml; path = Info.plist; sourceTree = "<group>"; };
		CBBD5FA61D905B310047D9F7 /* macOS-Tests.xctest */ = {isa = PBXFileReference; explicitFileType = wrapper.cfbundle; includeInIndex = 0; path = "macOS-Tests.xctest"; sourceTree = BUILT_PRODUCTS_DIR; };
		CBBD5FAA1D905B310047D9F7 /* Info.plist */ = {isa = PBXFileReference; lastKnownFileType = text.plist.xml; path = Info.plist; sourceTree = "<group>"; };
		CBBD5FBC1D905F240047D9F7 /* HLAppDelegate.h */ = {isa = PBXFileReference; fileEncoding = 4; lastKnownFileType = sourcecode.c.h; path = HLAppDelegate.h; sourceTree = "<group>"; };
		CBBD5FBD1D905F240047D9F7 /* HLAppDelegate.m */ = {isa = PBXFileReference; fileEncoding = 4; lastKnownFileType = sourcecode.c.objc; path = HLAppDelegate.m; sourceTree = "<group>"; };
		CBBD5FBE1D905F240047D9F7 /* HLViewController.h */ = {isa = PBXFileReference; fileEncoding = 4; lastKnownFileType = sourcecode.c.h; path = HLViewController.h; sourceTree = "<group>"; };
		CBBD5FBF1D905F240047D9F7 /* HLViewController.m */ = {isa = PBXFileReference; fileEncoding = 4; lastKnownFileType = sourcecode.c.objc; path = HLViewController.m; sourceTree = "<group>"; };
		CBBD5FC21D905F510047D9F7 /* HLCatalogScene.h */ = {isa = PBXFileReference; fileEncoding = 4; lastKnownFileType = sourcecode.c.h; path = HLCatalogScene.h; sourceTree = "<group>"; };
		CBBD5FC31D905F510047D9F7 /* HLCatalogScene.m */ = {isa = PBXFileReference; fileEncoding = 4; lastKnownFileType = sourcecode.c.objc; path = HLCatalogScene.m; sourceTree = "<group>"; };
		CBBD5FCA1D9060270047D9F7 /* Images.xcassets */ = {isa = PBXFileReference; lastKnownFileType = folder.assetcatalog; path = Images.xcassets; sourceTree = "<group>"; };
		CBBD5FD51D9062710047D9F7 /* HLMathTests.m */ = {isa = PBXFileReference; fileEncoding = 4; lastKnownFileType = sourcecode.c.objc; name = HLMathTests.m; path = "Shared-Tests/HLMathTests.m"; sourceTree = "<group>"; };
		CBBD5FD61D9062710047D9F7 /* HLMenuNodeTests.m */ = {isa = PBXFileReference; fileEncoding = 4; lastKnownFileType = sourcecode.c.objc; name = HLMenuNodeTests.m; path = "Shared-Tests/HLMenuNodeTests.m"; sourceTree = "<group>"; };
		CBBD5FD71D9062710047D9F7 /* HLMultilineLabelNodeTests.m */ = {isa = PBXFileReference; fileEncoding = 4; lastKnownFileType = sourcecode.c.objc; name = HLMultilineLabelNodeTests.m; path = "Shared-Tests/HLMultilineLabelNodeTests.m"; sourceTree = "<group>"; };
		CBBD5FD81D9062710047D9F7 /* HLTableLayoutManagerTests.m */ = {isa = PBXFileReference; fileEncoding = 4; lastKnownFileType = sourcecode.c.objc; name = HLTableLayoutManagerTests.m; path = "Shared-Tests/HLTableLayoutManagerTests.m"; sourceTree = "<group>"; };
		CBBD5FE11D9063730047D9F7 /* Images.xcassets */ = {isa = PBXFileReference; lastKnownFileType = folder.assetcatalog; path = Images.xcassets; sourceTree = "<group>"; };
		CBBD602B1D9075630047D9F7 /* Base */ = {isa = PBXFileReference; lastKnownFileType = file.storyboard; name = Base; path = Base.lproj/Main.storyboard; sourceTree = "<group>"; };
		CBCC55F31F8D61C600FDC8F5 /* HLLayoutManagerTests.m */ = {isa = PBXFileReference; lastKnownFileType = sourcecode.c.objc; name = HLLayoutManagerTests.m; path = "Shared-Tests/HLLayoutManagerTests.m"; sourceTree = "<group>"; };
		D9FE9069A265CEE0EEF6DDDF /* Pods-iOS.release.xcconfig */ = {isa = PBXFileReference; includeInIndex = 1; lastKnownFileType = text.xcconfig; name = "Pods-iOS.release.xcconfig"; path = "Pods/Target Support Files/Pods-iOS/Pods-iOS.release.xcconfig"; sourceTree = "<group>"; };
		EA31AA1B38E6963986E7C890 /* Pods-macOS-Tests.release.xcconfig */ = {isa = PBXFileReference; includeInIndex = 1; lastKnownFileType = text.xcconfig; name = "Pods-macOS-Tests.release.xcconfig"; path = "Pods/Target Support Files/Pods-macOS-Tests/Pods-macOS-Tests.release.xcconfig"; sourceTree = "<group>"; };
		FFB60996B23AE852926DE287 /* libPods-macOS-Tests.a */ = {isa = PBXFileReference; explicitFileType = archive.ar; includeInIndex = 0; path = "libPods-macOS-Tests.a"; sourceTree = BUILT_PRODUCTS_DIR; };
/* End PBXFileReference section */

/* Begin PBXFrameworksBuildPhase section */
		CB3338E61D905A22008CAFE0 /* Frameworks */ = {
			isa = PBXFrameworksBuildPhase;
			buildActionMask = 2147483647;
			files = (
				4045DBD725FC7CB339CA7C66 /* libPods-iOS.a in Frameworks */,
			);
			runOnlyForDeploymentPostprocessing = 0;
		};
		CB3338FD1D905A22008CAFE0 /* Frameworks */ = {
			isa = PBXFrameworksBuildPhase;
			buildActionMask = 2147483647;
			files = (
				EE7AEE3A33F2D21C474953F2 /* libPods-macOS.a in Frameworks */,
			);
			runOnlyForDeploymentPostprocessing = 0;
		};
		CBBD5F951D905B180047D9F7 /* Frameworks */ = {
			isa = PBXFrameworksBuildPhase;
			buildActionMask = 2147483647;
			files = (
				E1CCE9DE3C9E309A181468BF /* libPods-iOS-Tests.a in Frameworks */,
			);
			runOnlyForDeploymentPostprocessing = 0;
		};
		CBBD5FA31D905B310047D9F7 /* Frameworks */ = {
			isa = PBXFrameworksBuildPhase;
			buildActionMask = 2147483647;
			files = (
				846C3B20D2B044C877A2D7E6 /* libPods-macOS-Tests.a in Frameworks */,
			);
			runOnlyForDeploymentPostprocessing = 0;
		};
/* End PBXFrameworksBuildPhase section */

/* Begin PBXGroup section */
		A4E662178E73B40BB461D058 /* Frameworks */ = {
			isa = PBXGroup;
			children = (
				422ACFF2E16EAE87A3889567 /* libPods-iOS.a */,
				17977715464537EE1B12E66F /* libPods-iOS-Tests.a */,
				6684AA263365BA4A341C6E64 /* libPods-macOS.a */,
				FFB60996B23AE852926DE287 /* libPods-macOS-Tests.a */,
			);
			name = Frameworks;
			sourceTree = "<group>";
		};
		CB3338DA1D905A22008CAFE0 = {
			isa = PBXGroup;
			children = (
				CB3338DF1D905A22008CAFE0 /* Shared */,
				CB3338EB1D905A22008CAFE0 /* iOS */,
				CB3339011D905A22008CAFE0 /* macOS */,
				CBBD5FD41D9062460047D9F7 /* Shared-Tests */,
				CBBD5F991D905B180047D9F7 /* iOS-Tests */,
				CBBD5FA71D905B310047D9F7 /* macOS-Tests */,
				CB3338EA1D905A22008CAFE0 /* Products */,
				E0CD24D491929A0717AD2419 /* Pods */,
				A4E662178E73B40BB461D058 /* Frameworks */,
			);
			sourceTree = "<group>";
		};
		CB3338DF1D905A22008CAFE0 /* Shared */ = {
			isa = PBXGroup;
			children = (
				CBBD5FC21D905F510047D9F7 /* HLCatalogScene.h */,
				CBBD5FC31D905F510047D9F7 /* HLCatalogScene.m */,
				CB8F54EE20066FA400004DE0 /* HLAlignmentScene.h */,
				CB8F54EF20066FA400004DE0 /* HLAlignmentScene.m */,
				CB2A647620091C65009C1972 /* HLExampleScene.h */,
			);
			path = Shared;
			sourceTree = "<group>";
		};
		CB3338EA1D905A22008CAFE0 /* Products */ = {
			isa = PBXGroup;
			children = (
				CB3338E91D905A22008CAFE0 /* HLSpriteKit.app */,
				CB3339001D905A22008CAFE0 /* HLSpriteKit.app */,
				CBBD5F981D905B180047D9F7 /* iOS-Tests.xctest */,
				CBBD5FA61D905B310047D9F7 /* macOS-Tests.xctest */,
			);
			name = Products;
			sourceTree = "<group>";
		};
		CB3338EB1D905A22008CAFE0 /* iOS */ = {
			isa = PBXGroup;
			children = (
				CBBD5FBC1D905F240047D9F7 /* HLAppDelegate.h */,
				CBBD5FBD1D905F240047D9F7 /* HLAppDelegate.m */,
				CBBD5FBE1D905F240047D9F7 /* HLViewController.h */,
				CBBD5FBF1D905F240047D9F7 /* HLViewController.m */,
				CBBD5FCA1D9060270047D9F7 /* Images.xcassets */,
				CB3338FB1D905A22008CAFE0 /* Info.plist */,
				CB94687F243E524100D5B0C6 /* Launch Screen.storyboard */,
				CB3338EC1D905A22008CAFE0 /* Supporting Files */,
			);
			path = iOS;
			sourceTree = "<group>";
		};
		CB3338EC1D905A22008CAFE0 /* Supporting Files */ = {
			isa = PBXGroup;
			children = (
				CB3338ED1D905A22008CAFE0 /* main.m */,
			);
			name = "Supporting Files";
			sourceTree = "<group>";
		};
		CB3339011D905A22008CAFE0 /* macOS */ = {
			isa = PBXGroup;
			children = (
				CB3339021D905A22008CAFE0 /* HLAppDelegate.h */,
				CB3339031D905A22008CAFE0 /* HLAppDelegate.m */,
				CB3339081D905A22008CAFE0 /* HLViewController.h */,
				CB3339091D905A22008CAFE0 /* HLViewController.m */,
				CBBD5FE11D9063730047D9F7 /* Images.xcassets */,
				CB33390E1D905A22008CAFE0 /* Info.plist */,
				CBBD602A1D9075630047D9F7 /* Main.storyboard */,
				CB3339051D905A22008CAFE0 /* Supporting Files */,
			);
			path = macOS;
			sourceTree = "<group>";
		};
		CB3339051D905A22008CAFE0 /* Supporting Files */ = {
			isa = PBXGroup;
			children = (
				CB3339061D905A22008CAFE0 /* main.m */,
			);
			name = "Supporting Files";
			sourceTree = "<group>";
		};
		CBBD5F991D905B180047D9F7 /* iOS-Tests */ = {
			isa = PBXGroup;
			children = (
				CBBD5F9C1D905B180047D9F7 /* Info.plist */,
			);
			path = "iOS-Tests";
			sourceTree = "<group>";
		};
		CBBD5FA71D905B310047D9F7 /* macOS-Tests */ = {
			isa = PBXGroup;
			children = (
				CBBD5FAA1D905B310047D9F7 /* Info.plist */,
			);
			path = "macOS-Tests";
			sourceTree = "<group>";
		};
		CBBD5FD41D9062460047D9F7 /* Shared-Tests */ = {
			isa = PBXGroup;
			children = (
				CB0796141E5753E40097FFF2 /* HLActionTests.m */,
				CB4F6B4922E22B08000C7AB9 /* HLFunctionTests.m */,
				CB0F78F11F167A3B00C428A9 /* HLGridLayoutManagerTests.m */,
				CBCC55F31F8D61C600FDC8F5 /* HLLayoutManagerTests.m */,
				CBBD5FD51D9062710047D9F7 /* HLMathTests.m */,
				CBBD5FD61D9062710047D9F7 /* HLMenuNodeTests.m */,
				CBBD5FD71D9062710047D9F7 /* HLMultilineLabelNodeTests.m */,
				CB526A06204705D30004E508 /* HLOutlineLayoutManagerTests.m */,
				CBB4C402202FF4D00071A161 /* HLStackLayoutManagerTests.m */,
				CBBD5FD81D9062710047D9F7 /* HLTableLayoutManagerTests.m */,
				CB3A8D6F1ECCE916006E7849 /* HLUglyShufflerTests.m */,
			);
			name = "Shared-Tests";
			sourceTree = "<group>";
		};
		E0CD24D491929A0717AD2419 /* Pods */ = {
			isa = PBXGroup;
			children = (
				2AF457F2207FD43A3E9EC59A /* Pods-iOS.debug.xcconfig */,
				D9FE9069A265CEE0EEF6DDDF /* Pods-iOS.release.xcconfig */,
				1C9FEF598A0BE819CE495737 /* Pods-iOS-Tests.debug.xcconfig */,
				5CF4656BA82A94EAC1D4FC3A /* Pods-iOS-Tests.release.xcconfig */,
				47A75BB92037E6B798681175 /* Pods-macOS.debug.xcconfig */,
				4FD709D4EFCB72BE2B8E0558 /* Pods-macOS.release.xcconfig */,
				7BC40BB934F6EB3A4783F5C8 /* Pods-macOS-Tests.debug.xcconfig */,
				EA31AA1B38E6963986E7C890 /* Pods-macOS-Tests.release.xcconfig */,
			);
			name = Pods;
			sourceTree = "<group>";
		};
/* End PBXGroup section */

/* Begin PBXNativeTarget section */
		CB3338E81D905A22008CAFE0 /* iOS */ = {
			isa = PBXNativeTarget;
			buildConfigurationList = CB3339191D905A22008CAFE0 /* Build configuration list for PBXNativeTarget "iOS" */;
			buildPhases = (
				5D0AE41842FFE207942A328F /* [CP] Check Pods Manifest.lock */,
				CB3338E51D905A22008CAFE0 /* Sources */,
				CB3338E61D905A22008CAFE0 /* Frameworks */,
				CB3338E71D905A22008CAFE0 /* Resources */,
			);
			buildRules = (
			);
			dependencies = (
			);
			name = iOS;
			productName = iOS;
			productReference = CB3338E91D905A22008CAFE0 /* HLSpriteKit.app */;
			productType = "com.apple.product-type.application";
		};
		CB3338FF1D905A22008CAFE0 /* macOS */ = {
			isa = PBXNativeTarget;
			buildConfigurationList = CB33391C1D905A22008CAFE0 /* Build configuration list for PBXNativeTarget "macOS" */;
			buildPhases = (
				0767BC56079436447E71DB92 /* [CP] Check Pods Manifest.lock */,
				CB3338FC1D905A22008CAFE0 /* Sources */,
				CB3338FD1D905A22008CAFE0 /* Frameworks */,
				CB3338FE1D905A22008CAFE0 /* Resources */,
			);
			buildRules = (
			);
			dependencies = (
			);
			name = macOS;
			productName = macOS;
			productReference = CB3339001D905A22008CAFE0 /* HLSpriteKit.app */;
			productType = "com.apple.product-type.application";
		};
		CBBD5F971D905B180047D9F7 /* iOS-Tests */ = {
			isa = PBXNativeTarget;
			buildConfigurationList = CBBD5FA11D905B180047D9F7 /* Build configuration list for PBXNativeTarget "iOS-Tests" */;
			buildPhases = (
				7E3E9DF847041E032980A1E0 /* [CP] Check Pods Manifest.lock */,
				CBBD5F941D905B180047D9F7 /* Sources */,
				CBBD5F951D905B180047D9F7 /* Frameworks */,
				CBBD5F961D905B180047D9F7 /* Resources */,
			);
			buildRules = (
			);
			dependencies = (
				CBBD5F9E1D905B180047D9F7 /* PBXTargetDependency */,
			);
			name = "iOS-Tests";
			productName = "iOS-Tests";
			productReference = CBBD5F981D905B180047D9F7 /* iOS-Tests.xctest */;
			productType = "com.apple.product-type.bundle.unit-test";
		};
		CBBD5FA51D905B310047D9F7 /* macOS-Tests */ = {
			isa = PBXNativeTarget;
			buildConfigurationList = CBBD5FAD1D905B310047D9F7 /* Build configuration list for PBXNativeTarget "macOS-Tests" */;
			buildPhases = (
				A2117CA1CA44D0837F4A8E11 /* [CP] Check Pods Manifest.lock */,
				CBBD5FA21D905B310047D9F7 /* Sources */,
				CBBD5FA31D905B310047D9F7 /* Frameworks */,
				CBBD5FA41D905B310047D9F7 /* Resources */,
			);
			buildRules = (
			);
			dependencies = (
				CBBD5FAC1D905B310047D9F7 /* PBXTargetDependency */,
			);
			name = "macOS-Tests";
			productName = "macOS-Tests";
			productReference = CBBD5FA61D905B310047D9F7 /* macOS-Tests.xctest */;
			productType = "com.apple.product-type.bundle.unit-test";
		};
/* End PBXNativeTarget section */

/* Begin PBXProject section */
		CB3338DB1D905A22008CAFE0 /* Project object */ = {
			isa = PBXProject;
			attributes = {
				LastUpgradeCheck = 1200;
				ORGANIZATIONNAME = "Hilo Games";
				TargetAttributes = {
					CB3338E81D905A22008CAFE0 = {
						CreatedOnToolsVersion = 8.0;
						ProvisioningStyle = Automatic;
					};
					CB3338FF1D905A22008CAFE0 = {
						CreatedOnToolsVersion = 8.0;
						ProvisioningStyle = Automatic;
					};
					CBBD5F971D905B180047D9F7 = {
						CreatedOnToolsVersion = 8.0;
						ProvisioningStyle = Automatic;
						TestTargetID = CB3338E81D905A22008CAFE0;
					};
					CBBD5FA51D905B310047D9F7 = {
						CreatedOnToolsVersion = 8.0;
						ProvisioningStyle = Automatic;
						TestTargetID = CB3338FF1D905A22008CAFE0;
					};
				};
			};
			buildConfigurationList = CB3338DE1D905A22008CAFE0 /* Build configuration list for PBXProject "HLSpriteKit" */;
			compatibilityVersion = "Xcode 3.2";
			developmentRegion = en;
			hasScannedForEncodings = 0;
			knownRegions = (
				en,
				Base,
			);
			mainGroup = CB3338DA1D905A22008CAFE0;
			productRefGroup = CB3338EA1D905A22008CAFE0 /* Products */;
			projectDirPath = "";
			projectRoot = "";
			targets = (
				CB3338E81D905A22008CAFE0 /* iOS */,
				CBBD5F971D905B180047D9F7 /* iOS-Tests */,
				CB3338FF1D905A22008CAFE0 /* macOS */,
				CBBD5FA51D905B310047D9F7 /* macOS-Tests */,
			);
		};
/* End PBXProject section */

/* Begin PBXResourcesBuildPhase section */
		CB3338E71D905A22008CAFE0 /* Resources */ = {
			isa = PBXResourcesBuildPhase;
			buildActionMask = 2147483647;
			files = (
				CB946880243E524100D5B0C6 /* Launch Screen.storyboard in Resources */,
				CBBD5FCB1D9060270047D9F7 /* Images.xcassets in Resources */,
			);
			runOnlyForDeploymentPostprocessing = 0;
		};
		CB3338FE1D905A22008CAFE0 /* Resources */ = {
			isa = PBXResourcesBuildPhase;
			buildActionMask = 2147483647;
			files = (
				CBBD5FE21D9063730047D9F7 /* Images.xcassets in Resources */,
				CBBD602C1D9075630047D9F7 /* Main.storyboard in Resources */,
			);
			runOnlyForDeploymentPostprocessing = 0;
		};
		CBBD5F961D905B180047D9F7 /* Resources */ = {
			isa = PBXResourcesBuildPhase;
			buildActionMask = 2147483647;
			files = (
			);
			runOnlyForDeploymentPostprocessing = 0;
		};
		CBBD5FA41D905B310047D9F7 /* Resources */ = {
			isa = PBXResourcesBuildPhase;
			buildActionMask = 2147483647;
			files = (
			);
			runOnlyForDeploymentPostprocessing = 0;
		};
/* End PBXResourcesBuildPhase section */

/* Begin PBXShellScriptBuildPhase section */
		0767BC56079436447E71DB92 /* [CP] Check Pods Manifest.lock */ = {
			isa = PBXShellScriptBuildPhase;
			buildActionMask = 2147483647;
			files = (
			);
			inputPaths = (
				"${PODS_PODFILE_DIR_PATH}/Podfile.lock",
				"${PODS_ROOT}/Manifest.lock",
			);
			name = "[CP] Check Pods Manifest.lock";
			outputPaths = (
				"$(DERIVED_FILE_DIR)/Pods-macOS-checkManifestLockResult.txt",
			);
			runOnlyForDeploymentPostprocessing = 0;
			shellPath = /bin/sh;
			shellScript = "diff \"${PODS_PODFILE_DIR_PATH}/Podfile.lock\" \"${PODS_ROOT}/Manifest.lock\" > /dev/null\nif [ $? != 0 ] ; then\n    # print error to STDERR\n    echo \"error: The sandbox is not in sync with the Podfile.lock. Run 'pod install' or update your CocoaPods installation.\" >&2\n    exit 1\nfi\n# This output is used by Xcode 'outputs' to avoid re-running this script phase.\necho \"SUCCESS\" > \"${SCRIPT_OUTPUT_FILE_0}\"\n";
			showEnvVarsInLog = 0;
		};
		5D0AE41842FFE207942A328F /* [CP] Check Pods Manifest.lock */ = {
			isa = PBXShellScriptBuildPhase;
			buildActionMask = 2147483647;
			files = (
			);
			inputPaths = (
				"${PODS_PODFILE_DIR_PATH}/Podfile.lock",
				"${PODS_ROOT}/Manifest.lock",
			);
			name = "[CP] Check Pods Manifest.lock";
			outputPaths = (
				"$(DERIVED_FILE_DIR)/Pods-iOS-checkManifestLockResult.txt",
			);
			runOnlyForDeploymentPostprocessing = 0;
			shellPath = /bin/sh;
			shellScript = "diff \"${PODS_PODFILE_DIR_PATH}/Podfile.lock\" \"${PODS_ROOT}/Manifest.lock\" > /dev/null\nif [ $? != 0 ] ; then\n    # print error to STDERR\n    echo \"error: The sandbox is not in sync with the Podfile.lock. Run 'pod install' or update your CocoaPods installation.\" >&2\n    exit 1\nfi\n# This output is used by Xcode 'outputs' to avoid re-running this script phase.\necho \"SUCCESS\" > \"${SCRIPT_OUTPUT_FILE_0}\"\n";
			showEnvVarsInLog = 0;
		};
		7E3E9DF847041E032980A1E0 /* [CP] Check Pods Manifest.lock */ = {
			isa = PBXShellScriptBuildPhase;
			buildActionMask = 2147483647;
			files = (
			);
			inputPaths = (
				"${PODS_PODFILE_DIR_PATH}/Podfile.lock",
				"${PODS_ROOT}/Manifest.lock",
			);
			name = "[CP] Check Pods Manifest.lock";
			outputPaths = (
				"$(DERIVED_FILE_DIR)/Pods-iOS-Tests-checkManifestLockResult.txt",
			);
			runOnlyForDeploymentPostprocessing = 0;
			shellPath = /bin/sh;
			shellScript = "diff \"${PODS_PODFILE_DIR_PATH}/Podfile.lock\" \"${PODS_ROOT}/Manifest.lock\" > /dev/null\nif [ $? != 0 ] ; then\n    # print error to STDERR\n    echo \"error: The sandbox is not in sync with the Podfile.lock. Run 'pod install' or update your CocoaPods installation.\" >&2\n    exit 1\nfi\n# This output is used by Xcode 'outputs' to avoid re-running this script phase.\necho \"SUCCESS\" > \"${SCRIPT_OUTPUT_FILE_0}\"\n";
			showEnvVarsInLog = 0;
		};
		A2117CA1CA44D0837F4A8E11 /* [CP] Check Pods Manifest.lock */ = {
			isa = PBXShellScriptBuildPhase;
			buildActionMask = 2147483647;
			files = (
			);
			inputPaths = (
				"${PODS_PODFILE_DIR_PATH}/Podfile.lock",
				"${PODS_ROOT}/Manifest.lock",
			);
			name = "[CP] Check Pods Manifest.lock";
			outputPaths = (
				"$(DERIVED_FILE_DIR)/Pods-macOS-Tests-checkManifestLockResult.txt",
			);
			runOnlyForDeploymentPostprocessing = 0;
			shellPath = /bin/sh;
			shellScript = "diff \"${PODS_PODFILE_DIR_PATH}/Podfile.lock\" \"${PODS_ROOT}/Manifest.lock\" > /dev/null\nif [ $? != 0 ] ; then\n    # print error to STDERR\n    echo \"error: The sandbox is not in sync with the Podfile.lock. Run 'pod install' or update your CocoaPods installation.\" >&2\n    exit 1\nfi\n# This output is used by Xcode 'outputs' to avoid re-running this script phase.\necho \"SUCCESS\" > \"${SCRIPT_OUTPUT_FILE_0}\"\n";
			showEnvVarsInLog = 0;
		};
/* End PBXShellScriptBuildPhase section */

/* Begin PBXSourcesBuildPhase section */
		CB3338E51D905A22008CAFE0 /* Sources */ = {
			isa = PBXSourcesBuildPhase;
			buildActionMask = 2147483647;
			files = (
				CB8F54F020066FA400004DE0 /* HLAlignmentScene.m in Sources */,
				CBBD5FC41D905F510047D9F7 /* HLCatalogScene.m in Sources */,
				CBBD5FC11D905F240047D9F7 /* HLViewController.m in Sources */,
				CBBD5FC01D905F240047D9F7 /* HLAppDelegate.m in Sources */,
				CB3338EE1D905A22008CAFE0 /* main.m in Sources */,
			);
			runOnlyForDeploymentPostprocessing = 0;
		};
		CB3338FC1D905A22008CAFE0 /* Sources */ = {
			isa = PBXSourcesBuildPhase;
			buildActionMask = 2147483647;
			files = (
				CB8F54F120066FA400004DE0 /* HLAlignmentScene.m in Sources */,
				CBBD5FC51D905F510047D9F7 /* HLCatalogScene.m in Sources */,
				CB3339071D905A22008CAFE0 /* main.m in Sources */,
				CB33390A1D905A22008CAFE0 /* HLViewController.m in Sources */,
				CB3339041D905A22008CAFE0 /* HLAppDelegate.m in Sources */,
			);
			runOnlyForDeploymentPostprocessing = 0;
		};
		CBBD5F941D905B180047D9F7 /* Sources */ = {
			isa = PBXSourcesBuildPhase;
			buildActionMask = 2147483647;
			files = (
				CB526A07204705D30004E508 /* HLOutlineLayoutManagerTests.m in Sources */,
				CBBD5FDD1D9062710047D9F7 /* HLMultilineLabelNodeTests.m in Sources */,
				CBCC55F41F8D61C600FDC8F5 /* HLLayoutManagerTests.m in Sources */,
				CB0F78F31F167A5800C428A9 /* HLGridLayoutManagerTests.m in Sources */,
				CBBD5FDB1D9062710047D9F7 /* HLMenuNodeTests.m in Sources */,
				CB3A8D701ECCE916006E7849 /* HLUglyShufflerTests.m in Sources */,
				CB0796151E5753E40097FFF2 /* HLActionTests.m in Sources */,
				CBBD5FD91D9062710047D9F7 /* HLMathTests.m in Sources */,
				CB4F6B4A22E22B08000C7AB9 /* HLFunctionTests.m in Sources */,
				CBB4C403202FF4D00071A161 /* HLStackLayoutManagerTests.m in Sources */,
				CBBD5FDF1D9062720047D9F7 /* HLTableLayoutManagerTests.m in Sources */,
			);
			runOnlyForDeploymentPostprocessing = 0;
		};
		CBBD5FA21D905B310047D9F7 /* Sources */ = {
			isa = PBXSourcesBuildPhase;
			buildActionMask = 2147483647;
			files = (
				CB526A08204705D30004E508 /* HLOutlineLayoutManagerTests.m in Sources */,
				CBBD5FDC1D9062710047D9F7 /* HLMenuNodeTests.m in Sources */,
				CBCC55F51F8D61C600FDC8F5 /* HLLayoutManagerTests.m in Sources */,
				CB0F78F41F167A5900C428A9 /* HLGridLayoutManagerTests.m in Sources */,
				CBBD5FDE1D9062710047D9F7 /* HLMultilineLabelNodeTests.m in Sources */,
				CB3A8D711ECCE916006E7849 /* HLUglyShufflerTests.m in Sources */,
				CB0796161E5753E40097FFF2 /* HLActionTests.m in Sources */,
				CBBD5FDA1D9062710047D9F7 /* HLMathTests.m in Sources */,
				CB4F6B4B22E22B08000C7AB9 /* HLFunctionTests.m in Sources */,
				CBB4C404202FF4D00071A161 /* HLStackLayoutManagerTests.m in Sources */,
				CBBD5FE01D9062720047D9F7 /* HLTableLayoutManagerTests.m in Sources */,
			);
			runOnlyForDeploymentPostprocessing = 0;
		};
/* End PBXSourcesBuildPhase section */

/* Begin PBXTargetDependency section */
		CBBD5F9E1D905B180047D9F7 /* PBXTargetDependency */ = {
			isa = PBXTargetDependency;
			target = CB3338E81D905A22008CAFE0 /* iOS */;
			targetProxy = CBBD5F9D1D905B180047D9F7 /* PBXContainerItemProxy */;
		};
		CBBD5FAC1D905B310047D9F7 /* PBXTargetDependency */ = {
			isa = PBXTargetDependency;
			target = CB3338FF1D905A22008CAFE0 /* macOS */;
			targetProxy = CBBD5FAB1D905B310047D9F7 /* PBXContainerItemProxy */;
		};
/* End PBXTargetDependency section */

/* Begin PBXVariantGroup section */
		CBBD602A1D9075630047D9F7 /* Main.storyboard */ = {
			isa = PBXVariantGroup;
			children = (
				CBBD602B1D9075630047D9F7 /* Base */,
			);
			name = Main.storyboard;
			sourceTree = "<group>";
		};
/* End PBXVariantGroup section */

/* Begin XCBuildConfiguration section */
		CB3339171D905A22008CAFE0 /* Debug */ = {
			isa = XCBuildConfiguration;
			buildSettings = {
				ALWAYS_SEARCH_USER_PATHS = NO;
				CLANG_ANALYZER_LOCALIZABILITY_NONLOCALIZED = YES;
				CLANG_ANALYZER_NONNULL = YES;
				CLANG_CXX_LANGUAGE_STANDARD = "gnu++0x";
				CLANG_CXX_LIBRARY = "libc++";
				CLANG_ENABLE_MODULES = YES;
				CLANG_ENABLE_OBJC_ARC = YES;
				CLANG_WARN_BLOCK_CAPTURE_AUTORELEASING = YES;
				CLANG_WARN_BOOL_CONVERSION = YES;
				CLANG_WARN_COMMA = YES;
				CLANG_WARN_CONSTANT_CONVERSION = YES;
				CLANG_WARN_DEPRECATED_OBJC_IMPLEMENTATIONS = YES;
				CLANG_WARN_DIRECT_OBJC_ISA_USAGE = YES_ERROR;
				CLANG_WARN_DOCUMENTATION_COMMENTS = YES;
				CLANG_WARN_EMPTY_BODY = YES;
				CLANG_WARN_ENUM_CONVERSION = YES;
				CLANG_WARN_INFINITE_RECURSION = YES;
				CLANG_WARN_INT_CONVERSION = YES;
				CLANG_WARN_NON_LITERAL_NULL_CONVERSION = YES;
				CLANG_WARN_OBJC_IMPLICIT_RETAIN_SELF = YES;
				CLANG_WARN_OBJC_LITERAL_CONVERSION = YES;
				CLANG_WARN_OBJC_ROOT_CLASS = YES_ERROR;
				CLANG_WARN_RANGE_LOOP_ANALYSIS = YES;
				CLANG_WARN_STRICT_PROTOTYPES = YES;
				CLANG_WARN_SUSPICIOUS_MOVE = YES;
				CLANG_WARN_SUSPICIOUS_MOVES = YES;
				CLANG_WARN_UNREACHABLE_CODE = YES;
				CLANG_WARN__DUPLICATE_METHOD_MATCH = YES;
				COPY_PHASE_STRIP = NO;
				DEBUG_INFORMATION_FORMAT = dwarf;
				ENABLE_STRICT_OBJC_MSGSEND = YES;
				ENABLE_TESTABILITY = YES;
				GCC_C_LANGUAGE_STANDARD = gnu99;
				GCC_DYNAMIC_NO_PIC = NO;
				GCC_NO_COMMON_BLOCKS = YES;
				GCC_OPTIMIZATION_LEVEL = 0;
				GCC_PREPROCESSOR_DEFINITIONS = (
					"DEBUG=1",
					"$(inherited)",
				);
				GCC_WARN_64_TO_32_BIT_CONVERSION = YES;
				GCC_WARN_ABOUT_RETURN_TYPE = YES_ERROR;
				GCC_WARN_UNDECLARED_SELECTOR = YES;
				GCC_WARN_UNINITIALIZED_AUTOS = YES_AGGRESSIVE;
				GCC_WARN_UNUSED_FUNCTION = YES;
				GCC_WARN_UNUSED_VARIABLE = YES;
				IPHONEOS_DEPLOYMENT_TARGET = 12.0;
				MACOSX_DEPLOYMENT_TARGET = 10.11;
				MTL_ENABLE_DEBUG_INFO = YES;
				ONLY_ACTIVE_ARCH = YES;
			};
			name = Debug;
		};
		CB3339181D905A22008CAFE0 /* Release */ = {
			isa = XCBuildConfiguration;
			buildSettings = {
				ALWAYS_SEARCH_USER_PATHS = NO;
				CLANG_ANALYZER_LOCALIZABILITY_NONLOCALIZED = YES;
				CLANG_ANALYZER_NONNULL = YES;
				CLANG_CXX_LANGUAGE_STANDARD = "gnu++0x";
				CLANG_CXX_LIBRARY = "libc++";
				CLANG_ENABLE_MODULES = YES;
				CLANG_ENABLE_OBJC_ARC = YES;
				CLANG_WARN_BLOCK_CAPTURE_AUTORELEASING = YES;
				CLANG_WARN_BOOL_CONVERSION = YES;
				CLANG_WARN_COMMA = YES;
				CLANG_WARN_CONSTANT_CONVERSION = YES;
				CLANG_WARN_DEPRECATED_OBJC_IMPLEMENTATIONS = YES;
				CLANG_WARN_DIRECT_OBJC_ISA_USAGE = YES_ERROR;
				CLANG_WARN_DOCUMENTATION_COMMENTS = YES;
				CLANG_WARN_EMPTY_BODY = YES;
				CLANG_WARN_ENUM_CONVERSION = YES;
				CLANG_WARN_INFINITE_RECURSION = YES;
				CLANG_WARN_INT_CONVERSION = YES;
				CLANG_WARN_NON_LITERAL_NULL_CONVERSION = YES;
				CLANG_WARN_OBJC_IMPLICIT_RETAIN_SELF = YES;
				CLANG_WARN_OBJC_LITERAL_CONVERSION = YES;
				CLANG_WARN_OBJC_ROOT_CLASS = YES_ERROR;
				CLANG_WARN_RANGE_LOOP_ANALYSIS = YES;
				CLANG_WARN_STRICT_PROTOTYPES = YES;
				CLANG_WARN_SUSPICIOUS_MOVE = YES;
				CLANG_WARN_SUSPICIOUS_MOVES = YES;
				CLANG_WARN_UNREACHABLE_CODE = YES;
				CLANG_WARN__DUPLICATE_METHOD_MATCH = YES;
				COPY_PHASE_STRIP = NO;
				DEBUG_INFORMATION_FORMAT = "dwarf-with-dsym";
				ENABLE_NS_ASSERTIONS = NO;
				ENABLE_STRICT_OBJC_MSGSEND = YES;
				GCC_C_LANGUAGE_STANDARD = gnu99;
				GCC_NO_COMMON_BLOCKS = YES;
				GCC_WARN_64_TO_32_BIT_CONVERSION = YES;
				GCC_WARN_ABOUT_RETURN_TYPE = YES_ERROR;
				GCC_WARN_UNDECLARED_SELECTOR = YES;
				GCC_WARN_UNINITIALIZED_AUTOS = YES_AGGRESSIVE;
				GCC_WARN_UNUSED_FUNCTION = YES;
				GCC_WARN_UNUSED_VARIABLE = YES;
				IPHONEOS_DEPLOYMENT_TARGET = 12.0;
				MACOSX_DEPLOYMENT_TARGET = 10.11;
				MTL_ENABLE_DEBUG_INFO = NO;
			};
			name = Release;
		};
		CB33391A1D905A22008CAFE0 /* Debug */ = {
			isa = XCBuildConfiguration;
			baseConfigurationReference = 2AF457F2207FD43A3E9EC59A /* Pods-iOS.debug.xcconfig */;
			buildSettings = {
				ASSETCATALOG_COMPILER_APPICON_NAME = "AppIcon-iOS";
				"CODE_SIGN_IDENTITY[sdk=iphoneos*]" = "iPhone Developer";
				DEVELOPMENT_TEAM = "";
				INFOPLIST_FILE = iOS/Info.plist;
				IPHONEOS_DEPLOYMENT_TARGET = 12.0;
				LD_RUNPATH_SEARCH_PATHS = "$(inherited) @executable_path/Frameworks";
				PRODUCT_BUNDLE_IDENTIFIER = com.hilogames.HLSpriteKit;
				PRODUCT_NAME = HLSpriteKit;
				SDKROOT = iphoneos;
				TARGETED_DEVICE_FAMILY = "1,2";
			};
			name = Debug;
		};
		CB33391B1D905A22008CAFE0 /* Release */ = {
			isa = XCBuildConfiguration;
			baseConfigurationReference = D9FE9069A265CEE0EEF6DDDF /* Pods-iOS.release.xcconfig */;
			buildSettings = {
				ASSETCATALOG_COMPILER_APPICON_NAME = "AppIcon-iOS";
				"CODE_SIGN_IDENTITY[sdk=iphoneos*]" = "iPhone Developer";
				DEVELOPMENT_TEAM = "";
				INFOPLIST_FILE = iOS/Info.plist;
				IPHONEOS_DEPLOYMENT_TARGET = 12.0;
				LD_RUNPATH_SEARCH_PATHS = "$(inherited) @executable_path/Frameworks";
				PRODUCT_BUNDLE_IDENTIFIER = com.hilogames.HLSpriteKit;
				PRODUCT_NAME = HLSpriteKit;
				SDKROOT = iphoneos;
				TARGETED_DEVICE_FAMILY = "1,2";
				VALIDATE_PRODUCT = YES;
			};
			name = Release;
		};
		CB33391D1D905A22008CAFE0 /* Debug */ = {
			isa = XCBuildConfiguration;
			baseConfigurationReference = 47A75BB92037E6B798681175 /* Pods-macOS.debug.xcconfig */;
			buildSettings = {
				ASSETCATALOG_COMPILER_APPICON_NAME = "AppIcon-macOS";
				CODE_SIGN_IDENTITY = "-";
				COMBINE_HIDPI_IMAGES = YES;
				INFOPLIST_FILE = macOS/Info.plist;
				LD_RUNPATH_SEARCH_PATHS = "$(inherited) @executable_path/../Frameworks";
				MACOSX_DEPLOYMENT_TARGET = 10.11;
				PRODUCT_BUNDLE_IDENTIFIER = com.hilogames.HLSpriteKit;
				PRODUCT_NAME = HLSpriteKit;
				SDKROOT = macosx;
			};
			name = Debug;
		};
		CB33391E1D905A22008CAFE0 /* Release */ = {
			isa = XCBuildConfiguration;
			baseConfigurationReference = 4FD709D4EFCB72BE2B8E0558 /* Pods-macOS.release.xcconfig */;
			buildSettings = {
				ASSETCATALOG_COMPILER_APPICON_NAME = "AppIcon-macOS";
				CODE_SIGN_IDENTITY = "-";
				COMBINE_HIDPI_IMAGES = YES;
				INFOPLIST_FILE = macOS/Info.plist;
				LD_RUNPATH_SEARCH_PATHS = "$(inherited) @executable_path/../Frameworks";
				MACOSX_DEPLOYMENT_TARGET = 10.11;
				PRODUCT_BUNDLE_IDENTIFIER = com.hilogames.HLSpriteKit;
				PRODUCT_NAME = HLSpriteKit;
				SDKROOT = macosx;
			};
			name = Release;
		};
		CBBD5F9F1D905B180047D9F7 /* Debug */ = {
			isa = XCBuildConfiguration;
			baseConfigurationReference = 1C9FEF598A0BE819CE495737 /* Pods-iOS-Tests.debug.xcconfig */;
			buildSettings = {
				BUNDLE_LOADER = "$(TEST_HOST)";
				"CODE_SIGN_IDENTITY[sdk=iphoneos*]" = "iPhone Developer";
				INFOPLIST_FILE = "iOS-Tests/Info.plist";
				IPHONEOS_DEPLOYMENT_TARGET = 12.0;
				LD_RUNPATH_SEARCH_PATHS = "$(inherited) @executable_path/Frameworks @loader_path/Frameworks";
				PRODUCT_BUNDLE_IDENTIFIER = "com.hilogames.iOS-Tests";
				PRODUCT_NAME = "$(TARGET_NAME)";
				SDKROOT = iphoneos;
				TEST_HOST = "$(BUILT_PRODUCTS_DIR)/HLSpriteKit.app/HLSpriteKit";
			};
			name = Debug;
		};
		CBBD5FA01D905B180047D9F7 /* Release */ = {
			isa = XCBuildConfiguration;
			baseConfigurationReference = 5CF4656BA82A94EAC1D4FC3A /* Pods-iOS-Tests.release.xcconfig */;
			buildSettings = {
				BUNDLE_LOADER = "$(TEST_HOST)";
				"CODE_SIGN_IDENTITY[sdk=iphoneos*]" = "iPhone Developer";
				INFOPLIST_FILE = "iOS-Tests/Info.plist";
				IPHONEOS_DEPLOYMENT_TARGET = 12.0;
				LD_RUNPATH_SEARCH_PATHS = "$(inherited) @executable_path/Frameworks @loader_path/Frameworks";
				PRODUCT_BUNDLE_IDENTIFIER = "com.hilogames.iOS-Tests";
				PRODUCT_NAME = "$(TARGET_NAME)";
				SDKROOT = iphoneos;
				TEST_HOST = "$(BUILT_PRODUCTS_DIR)/HLSpriteKit.app/HLSpriteKit";
				VALIDATE_PRODUCT = YES;
			};
			name = Release;
		};
		CBBD5FAE1D905B310047D9F7 /* Debug */ = {
			isa = XCBuildConfiguration;
			baseConfigurationReference = 7BC40BB934F6EB3A4783F5C8 /* Pods-macOS-Tests.debug.xcconfig */;
			buildSettings = {
				BUNDLE_LOADER = "$(TEST_HOST)";
				CODE_SIGN_IDENTITY = "-";
				COMBINE_HIDPI_IMAGES = YES;
				INFOPLIST_FILE = "macOS-Tests/Info.plist";
				LD_RUNPATH_SEARCH_PATHS = "$(inherited) @executable_path/../Frameworks @loader_path/../Frameworks";
				MACOSX_DEPLOYMENT_TARGET = 10.11;
				PRODUCT_BUNDLE_IDENTIFIER = "com.hilogames.macOS-Tests";
				PRODUCT_NAME = "$(TARGET_NAME)";
				SDKROOT = macosx;
				TEST_HOST = "$(BUILT_PRODUCTS_DIR)/HLSpriteKit.app/Contents/MacOS/HLSpriteKit";
			};
			name = Debug;
		};
		CBBD5FAF1D905B310047D9F7 /* Release */ = {
			isa = XCBuildConfiguration;
			baseConfigurationReference = EA31AA1B38E6963986E7C890 /* Pods-macOS-Tests.release.xcconfig */;
			buildSettings = {
				BUNDLE_LOADER = "$(TEST_HOST)";
				CODE_SIGN_IDENTITY = "-";
				COMBINE_HIDPI_IMAGES = YES;
				INFOPLIST_FILE = "macOS-Tests/Info.plist";
				LD_RUNPATH_SEARCH_PATHS = "$(inherited) @executable_path/../Frameworks @loader_path/../Frameworks";
				MACOSX_DEPLOYMENT_TARGET = 10.11;
				PRODUCT_BUNDLE_IDENTIFIER = "com.hilogames.macOS-Tests";
				PRODUCT_NAME = "$(TARGET_NAME)";
				SDKROOT = macosx;
				TEST_HOST = "$(BUILT_PRODUCTS_DIR)/HLSpriteKit.app/Contents/MacOS/HLSpriteKit";
			};
			name = Release;
		};
/* End XCBuildConfiguration section */

/* Begin XCConfigurationList section */
		CB3338DE1D905A22008CAFE0 /* Build configuration list for PBXProject "HLSpriteKit" */ = {
			isa = XCConfigurationList;
			buildConfigurations = (
				CB3339171D905A22008CAFE0 /* Debug */,
				CB3339181D905A22008CAFE0 /* Release */,
			);
			defaultConfigurationIsVisible = 0;
			defaultConfigurationName = Release;
		};
		CB3339191D905A22008CAFE0 /* Build configuration list for PBXNativeTarget "iOS" */ = {
			isa = XCConfigurationList;
			buildConfigurations = (
				CB33391A1D905A22008CAFE0 /* Debug */,
				CB33391B1D905A22008CAFE0 /* Release */,
			);
			defaultConfigurationIsVisible = 0;
			defaultConfigurationName = Release;
		};
		CB33391C1D905A22008CAFE0 /* Build configuration list for PBXNativeTarget "macOS" */ = {
			isa = XCConfigurationList;
			buildConfigurations = (
				CB33391D1D905A22008CAFE0 /* Debug */,
				CB33391E1D905A22008CAFE0 /* Release */,
			);
			defaultConfigurationIsVisible = 0;
			defaultConfigurationName = Release;
		};
		CBBD5FA11D905B180047D9F7 /* Build configuration list for PBXNativeTarget "iOS-Tests" */ = {
			isa = XCConfigurationList;
			buildConfigurations = (
				CBBD5F9F1D905B180047D9F7 /* Debug */,
				CBBD5FA01D905B180047D9F7 /* Release */,
			);
			defaultConfigurationIsVisible = 0;
			defaultConfigurationName = Release;
		};
		CBBD5FAD1D905B310047D9F7 /* Build configuration list for PBXNativeTarget "macOS-Tests" */ = {
			isa = XCConfigurationList;
			buildConfigurations = (
				CBBD5FAE1D905B310047D9F7 /* Debug */,
				CBBD5FAF1D905B310047D9F7 /* Release */,
			);
			defaultConfigurationIsVisible = 0;
			defaultConfigurationName = Release;
		};
/* End XCConfigurationList section */
	};
	rootObject = CB3338DB1D905A22008CAFE0 /* Project object */;
}
